// !$*UTF8*$!
{
	archiveVersion = 1;
	classes = {
	};
	objectVersion = 46;
	objects = {

/* Begin PBXBuildFile section */
		F0695D8F16011515000B05D0 /* Foundation.framework in Frameworks */ = {isa = PBXBuildFile; fileRef = F0695D8E16011515000B05D0 /* Foundation.framework */; };
/* End PBXBuildFile section */

/* Begin PBXCopyFilesBuildPhase section */
		F0695D8916011515000B05D0 /* CopyFiles */ = {
			isa = PBXCopyFilesBuildPhase;
			buildActionMask = 2147483647;
			dstPath = "include/${PRODUCT_NAME}";
			dstSubfolderSpec = 16;
			files = (
			);
			runOnlyForDeploymentPostprocessing = 0;
		};
/* End PBXCopyFilesBuildPhase section */

/* Begin PBXFileReference section */
		F0695D8B16011515000B05D0 /* libSubliminal.a */ = {isa = PBXFileReference; explicitFileType = archive.ar; includeInIndex = 0; path = libSubliminal.a; sourceTree = BUILT_PRODUCTS_DIR; };
		F0695D8E16011515000B05D0 /* Foundation.framework */ = {isa = PBXFileReference; lastKnownFileType = wrapper.framework; name = Foundation.framework; path = System/Library/Frameworks/Foundation.framework; sourceTree = SDKROOT; };
		F0695D9216011515000B05D0 /* Subliminal-Prefix.pch */ = {isa = PBXFileReference; lastKnownFileType = sourcecode.c.h; path = "Subliminal-Prefix.pch"; sourceTree = "<group>"; };
/* End PBXFileReference section */

/* Begin PBXFrameworksBuildPhase section */
		F0695D8816011515000B05D0 /* Frameworks */ = {
			isa = PBXFrameworksBuildPhase;
			buildActionMask = 2147483647;
			files = (
				F0695D8F16011515000B05D0 /* Foundation.framework in Frameworks */,
			);
			runOnlyForDeploymentPostprocessing = 0;
		};
/* End PBXFrameworksBuildPhase section */

/* Begin PBXGroup section */
		F0695D8016011515000B05D0 = {
			isa = PBXGroup;
			children = (
				F0695D9016011515000B05D0 /* Subliminal */,
				F0695D8D16011515000B05D0 /* Frameworks */,
				F0695D8C16011515000B05D0 /* Products */,
			);
			sourceTree = "<group>";
		};
		F0695D8C16011515000B05D0 /* Products */ = {
			isa = PBXGroup;
			children = (
				F0695D8B16011515000B05D0 /* libSubliminal.a */,
			);
			name = Products;
			sourceTree = "<group>";
		};
		F0695D8D16011515000B05D0 /* Frameworks */ = {
			isa = PBXGroup;
			children = (
				F0695D8E16011515000B05D0 /* Foundation.framework */,
			);
			name = Frameworks;
			sourceTree = "<group>";
		};
		F0695D9016011515000B05D0 /* Subliminal */ = {
			isa = PBXGroup;
			children = (
				F0695D9116011515000B05D0 /* Supporting Files */,
			);
			path = Subliminal;
			sourceTree = "<group>";
		};
		F0695D9116011515000B05D0 /* Supporting Files */ = {
			isa = PBXGroup;
			children = (
				F0695D9216011515000B05D0 /* Subliminal-Prefix.pch */,
			);
			name = "Supporting Files";
			sourceTree = "<group>";
		};
/* End PBXGroup section */

/* Begin PBXNativeTarget section */
		F0695D8A16011515000B05D0 /* Subliminal */ = {
			isa = PBXNativeTarget;
			buildConfigurationList = F0695D9916011515000B05D0 /* Build configuration list for PBXNativeTarget "Subliminal" */;
			buildPhases = (
				F0695D8716011515000B05D0 /* Sources */,
				F0695D8816011515000B05D0 /* Frameworks */,
				F0695D8916011515000B05D0 /* CopyFiles */,
			);
			buildRules = (
			);
			dependencies = (
			);
			name = Subliminal;
			productName = Subliminal;
			productReference = F0695D8B16011515000B05D0 /* libSubliminal.a */;
			productType = "com.apple.product-type.library.static";
		};
/* End PBXNativeTarget section */

/* Begin PBXProject section */
		F0695D8216011515000B05D0 /* Project object */ = {
			isa = PBXProject;
			attributes = {
				LastUpgradeCheck = 0440;
				ORGANIZATIONNAME = Inkling;
			};
			buildConfigurationList = F0695D8516011515000B05D0 /* Build configuration list for PBXProject "Subliminal" */;
			compatibilityVersion = "Xcode 3.2";
			developmentRegion = English;
			hasScannedForEncodings = 0;
			knownRegions = (
				en,
			);
			mainGroup = F0695D8016011515000B05D0;
			productRefGroup = F0695D8C16011515000B05D0 /* Products */;
			projectDirPath = "";
			projectRoot = "";
			targets = (
				F0695D8A16011515000B05D0 /* Subliminal */,
			);
		};
/* End PBXProject section */

/* Begin PBXSourcesBuildPhase section */
		F0695D8716011515000B05D0 /* Sources */ = {
			isa = PBXSourcesBuildPhase;
			buildActionMask = 2147483647;
			files = (
			);
			runOnlyForDeploymentPostprocessing = 0;
		};
/* End PBXSourcesBuildPhase section */

/* Begin XCBuildConfiguration section */
		F0695D9716011515000B05D0 /* Debug */ = {
			isa = XCBuildConfiguration;
			buildSettings = {
				ALWAYS_SEARCH_USER_PATHS = NO;
				ARCHS = "$(ARCHS_STANDARD_32_BIT)";
				CLANG_CXX_LANGUAGE_STANDARD = "gnu++0x";
				CLANG_ENABLE_OBJC_ARC = YES;
				CLANG_WARN__DUPLICATE_METHOD_MATCH = YES;
				COPY_PHASE_STRIP = NO;
				GCC_C_LANGUAGE_STANDARD = gnu99;
				GCC_DYNAMIC_NO_PIC = NO;
				GCC_OPTIMIZATION_LEVEL = 0;
				GCC_PREPROCESSOR_DEFINITIONS = (
					"DEBUG=1",
					"$(inherited)",
				);
				GCC_SYMBOLS_PRIVATE_EXTERN = NO;
				GCC_VERSION = com.apple.compilers.llvm.clang.1_0;
				GCC_WARN_ABOUT_RETURN_TYPE = YES;
				GCC_WARN_UNINITIALIZED_AUTOS = YES;
				GCC_WARN_UNUSED_VARIABLE = YES;
				IPHONEOS_DEPLOYMENT_TARGET = 5.1;
				SDKROOT = iphoneos;
			};
			name = Debug;
		};
		F0695D9816011515000B05D0 /* Release */ = {
			isa = XCBuildConfiguration;
			buildSettings = {
				ALWAYS_SEARCH_USER_PATHS = NO;
				ARCHS = "$(ARCHS_STANDARD_32_BIT)";
				CLANG_CXX_LANGUAGE_STANDARD = "gnu++0x";
				CLANG_ENABLE_OBJC_ARC = YES;
				CLANG_WARN__DUPLICATE_METHOD_MATCH = YES;
				COPY_PHASE_STRIP = YES;
				GCC_C_LANGUAGE_STANDARD = gnu99;
				GCC_VERSION = com.apple.compilers.llvm.clang.1_0;
				GCC_WARN_ABOUT_RETURN_TYPE = YES;
				GCC_WARN_UNINITIALIZED_AUTOS = YES;
				GCC_WARN_UNUSED_VARIABLE = YES;
				IPHONEOS_DEPLOYMENT_TARGET = 5.1;
				SDKROOT = iphoneos;
				VALIDATE_PRODUCT = YES;
			};
			name = Release;
		};
		F0695D9A16011515000B05D0 /* Debug */ = {
			isa = XCBuildConfiguration;
			buildSettings = {
				DSTROOT = /tmp/Subliminal.dst;
				GCC_PRECOMPILE_PREFIX_HEADER = YES;
				GCC_PREFIX_HEADER = "Subliminal/Subliminal-Prefix.pch";
				OTHER_LDFLAGS = "-ObjC";
				PRODUCT_NAME = "$(TARGET_NAME)";
				SKIP_INSTALL = YES;
			};
			name = Debug;
		};
		F0695D9B16011515000B05D0 /* Release */ = {
			isa = XCBuildConfiguration;
			buildSettings = {
				DSTROOT = /tmp/Subliminal.dst;
				GCC_PRECOMPILE_PREFIX_HEADER = YES;
				GCC_PREFIX_HEADER = "Subliminal/Subliminal-Prefix.pch";
				OTHER_LDFLAGS = "-ObjC";
				PRODUCT_NAME = "$(TARGET_NAME)";
				SKIP_INSTALL = YES;
			};
			name = Release;
		};
/* End XCBuildConfiguration section */

/* Begin XCConfigurationList section */
		F0695D8516011515000B05D0 /* Build configuration list for PBXProject "Subliminal" */ = {
			isa = XCConfigurationList;
			buildConfigurations = (
				F0695D9716011515000B05D0 /* Debug */,
				F0695D9816011515000B05D0 /* Release */,
			);
			defaultConfigurationIsVisible = 0;
			defaultConfigurationName = Release;
		};
		F0695D9916011515000B05D0 /* Build configuration list for PBXNativeTarget "Subliminal" */ = {
			isa = XCConfigurationList;
			buildConfigurations = (
				F0695D9A16011515000B05D0 /* Debug */,
				F0695D9B16011515000B05D0 /* Release */,
			);
			defaultConfigurationIsVisible = 0;
		};
/* End XCConfigurationList section */
	};
	rootObject = F0695D8216011515000B05D0 /* Project object */;
}
