// !$*UTF8*$!
{
	archiveVersion = 1;
	classes = {
	};
	objectVersion = 46;
	objects = {

/* Begin PBXBuildFile section */
		F0271AFF162E0B950098F5F2 /* SLTestController+AppContext.h in Headers */ = {isa = PBXBuildFile; fileRef = F0271AFD162E0B950098F5F2 /* SLTestController+AppContext.h */; settings = {ATTRIBUTES = (Public, ); }; };
		F0271B00162E0B950098F5F2 /* SLTestController+AppContext.m in Sources */ = {isa = PBXBuildFile; fileRef = F0271AFE162E0B950098F5F2 /* SLTestController+AppContext.m */; };
		F0695D8F16011515000B05D0 /* Foundation.framework in Frameworks */ = {isa = PBXBuildFile; fileRef = F0695D8E16011515000B05D0 /* Foundation.framework */; };
		F0695DE4160138DF000B05D0 /* SLElement.m in Sources */ = {isa = PBXBuildFile; fileRef = F0695DD8160138DF000B05D0 /* SLElement.m */; };
		F0695DE5160138DF000B05D0 /* SLLogger.m in Sources */ = {isa = PBXBuildFile; fileRef = F0695DDB160138DF000B05D0 /* SLLogger.m */; };
		F0695DE6160138DF000B05D0 /* SLUIALogger.m in Sources */ = {isa = PBXBuildFile; fileRef = F0695DDD160138DF000B05D0 /* SLUIALogger.m */; };
		F0695DE7160138DF000B05D0 /* SLTerminal.m in Sources */ = {isa = PBXBuildFile; fileRef = F0695DDF160138DF000B05D0 /* SLTerminal.m */; };
		F0695DE8160138DF000B05D0 /* SLTest.m in Sources */ = {isa = PBXBuildFile; fileRef = F0695DE1160138DF000B05D0 /* SLTest.m */; };
		F0695DE9160138DF000B05D0 /* SLTestController.m in Sources */ = {isa = PBXBuildFile; fileRef = F0695DE3160138DF000B05D0 /* SLTestController.m */; };
		F0695E0D16013D77000B05D0 /* UIKit.framework in Frameworks */ = {isa = PBXBuildFile; fileRef = F0695E0C16013D77000B05D0 /* UIKit.framework */; };
		F0695E1C16014491000B05D0 /* Subliminal.h in Headers */ = {isa = PBXBuildFile; fileRef = F0695DEB1601391C000B05D0 /* Subliminal.h */; settings = {ATTRIBUTES = (Public, ); }; };
		F0695E1D16014491000B05D0 /* SLTestController.h in Headers */ = {isa = PBXBuildFile; fileRef = F0695DE2160138DF000B05D0 /* SLTestController.h */; settings = {ATTRIBUTES = (Public, ); }; };
		F0695E1E16014491000B05D0 /* SLTest.h in Headers */ = {isa = PBXBuildFile; fileRef = F0695DE0160138DF000B05D0 /* SLTest.h */; settings = {ATTRIBUTES = (Public, ); }; };
		F0695E1F16014491000B05D0 /* SLTerminal.h in Headers */ = {isa = PBXBuildFile; fileRef = F0695DDE160138DF000B05D0 /* SLTerminal.h */; settings = {ATTRIBUTES = (Public, ); }; };
		F0695E2016014491000B05D0 /* SLElement.h in Headers */ = {isa = PBXBuildFile; fileRef = F0695DD7160138DF000B05D0 /* SLElement.h */; settings = {ATTRIBUTES = (Public, ); }; };
		F0695E2116014491000B05D0 /* SLLogger.h in Headers */ = {isa = PBXBuildFile; fileRef = F0695DDA160138DF000B05D0 /* SLLogger.h */; settings = {ATTRIBUTES = (Public, ); }; };
		F0695E2216014491000B05D0 /* SLUIALogger.h in Headers */ = {isa = PBXBuildFile; fileRef = F0695DDC160138DF000B05D0 /* SLUIALogger.h */; settings = {ATTRIBUTES = (Public, ); }; };
		F0E55089162E393F00F54F57 /* UIAccessibilityElement+SLElement.h in Headers */ = {isa = PBXBuildFile; fileRef = F0E55087162E393F00F54F57 /* UIAccessibilityElement+SLElement.h */; settings = {ATTRIBUTES = (Private, ); }; };
		F0E5508A162E393F00F54F57 /* UIAccessibilityElement+SLElement.m in Sources */ = {isa = PBXBuildFile; fileRef = F0E55088162E393F00F54F57 /* UIAccessibilityElement+SLElement.m */; };
/* End PBXBuildFile section */

/* Begin PBXFileReference section */
		F0271AFD162E0B950098F5F2 /* SLTestController+AppContext.h */ = {isa = PBXFileReference; fileEncoding = 4; lastKnownFileType = sourcecode.c.h; path = "SLTestController+AppContext.h"; sourceTree = "<group>"; };
		F0271AFE162E0B950098F5F2 /* SLTestController+AppContext.m */ = {isa = PBXFileReference; fileEncoding = 4; lastKnownFileType = sourcecode.c.objc; path = "SLTestController+AppContext.m"; sourceTree = "<group>"; };
		F0695D8B16011515000B05D0 /* libSubliminal.a */ = {isa = PBXFileReference; explicitFileType = archive.ar; includeInIndex = 0; path = libSubliminal.a; sourceTree = BUILT_PRODUCTS_DIR; };
		F0695D8E16011515000B05D0 /* Foundation.framework */ = {isa = PBXFileReference; lastKnownFileType = wrapper.framework; name = Foundation.framework; path = System/Library/Frameworks/Foundation.framework; sourceTree = SDKROOT; };
		F0695DD7160138DF000B05D0 /* SLElement.h */ = {isa = PBXFileReference; fileEncoding = 4; lastKnownFileType = sourcecode.c.h; path = SLElement.h; sourceTree = "<group>"; };
		F0695DD8160138DF000B05D0 /* SLElement.m */ = {isa = PBXFileReference; fileEncoding = 4; lastKnownFileType = sourcecode.c.objc; path = SLElement.m; sourceTree = "<group>"; };
		F0695DDA160138DF000B05D0 /* SLLogger.h */ = {isa = PBXFileReference; fileEncoding = 4; lastKnownFileType = sourcecode.c.h; path = SLLogger.h; sourceTree = "<group>"; };
		F0695DDB160138DF000B05D0 /* SLLogger.m */ = {isa = PBXFileReference; fileEncoding = 4; lastKnownFileType = sourcecode.c.objc; path = SLLogger.m; sourceTree = "<group>"; };
		F0695DDC160138DF000B05D0 /* SLUIALogger.h */ = {isa = PBXFileReference; fileEncoding = 4; lastKnownFileType = sourcecode.c.h; path = SLUIALogger.h; sourceTree = "<group>"; };
		F0695DDD160138DF000B05D0 /* SLUIALogger.m */ = {isa = PBXFileReference; fileEncoding = 4; lastKnownFileType = sourcecode.c.objc; path = SLUIALogger.m; sourceTree = "<group>"; };
		F0695DDE160138DF000B05D0 /* SLTerminal.h */ = {isa = PBXFileReference; fileEncoding = 4; lastKnownFileType = sourcecode.c.h; path = SLTerminal.h; sourceTree = "<group>"; };
		F0695DDF160138DF000B05D0 /* SLTerminal.m */ = {isa = PBXFileReference; fileEncoding = 4; lastKnownFileType = sourcecode.c.objc; path = SLTerminal.m; sourceTree = "<group>"; };
		F0695DE0160138DF000B05D0 /* SLTest.h */ = {isa = PBXFileReference; fileEncoding = 4; lastKnownFileType = sourcecode.c.h; path = SLTest.h; sourceTree = "<group>"; };
		F0695DE1160138DF000B05D0 /* SLTest.m */ = {isa = PBXFileReference; fileEncoding = 4; lastKnownFileType = sourcecode.c.objc; path = SLTest.m; sourceTree = "<group>"; };
		F0695DE2160138DF000B05D0 /* SLTestController.h */ = {isa = PBXFileReference; fileEncoding = 4; lastKnownFileType = sourcecode.c.h; path = SLTestController.h; sourceTree = "<group>"; };
		F0695DE3160138DF000B05D0 /* SLTestController.m */ = {isa = PBXFileReference; fileEncoding = 4; lastKnownFileType = sourcecode.c.objc; path = SLTestController.m; sourceTree = "<group>"; };
		F0695DEA16013908000B05D0 /* Subliminal-Prefix.pch */ = {isa = PBXFileReference; fileEncoding = 4; lastKnownFileType = sourcecode.c.h; path = "Subliminal-Prefix.pch"; sourceTree = "<group>"; };
		F0695DEB1601391C000B05D0 /* Subliminal.h */ = {isa = PBXFileReference; lastKnownFileType = sourcecode.c.h; path = Subliminal.h; sourceTree = "<group>"; };
		F0695E0C16013D77000B05D0 /* UIKit.framework */ = {isa = PBXFileReference; lastKnownFileType = wrapper.framework; name = UIKit.framework; path = System/Library/Frameworks/UIKit.framework; sourceTree = SDKROOT; };
		F0E55087162E393F00F54F57 /* UIAccessibilityElement+SLElement.h */ = {isa = PBXFileReference; fileEncoding = 4; lastKnownFileType = sourcecode.c.h; path = "UIAccessibilityElement+SLElement.h"; sourceTree = "<group>"; };
		F0E55088162E393F00F54F57 /* UIAccessibilityElement+SLElement.m */ = {isa = PBXFileReference; fileEncoding = 4; lastKnownFileType = sourcecode.c.objc; path = "UIAccessibilityElement+SLElement.m"; sourceTree = "<group>"; };
/* End PBXFileReference section */

/* Begin PBXFrameworksBuildPhase section */
		F0695D8816011515000B05D0 /* Frameworks */ = {
			isa = PBXFrameworksBuildPhase;
			buildActionMask = 2147483647;
			files = (
				F0695D8F16011515000B05D0 /* Foundation.framework in Frameworks */,
				F0695E0D16013D77000B05D0 /* UIKit.framework in Frameworks */,
			);
			runOnlyForDeploymentPostprocessing = 0;
		};
/* End PBXFrameworksBuildPhase section */

/* Begin PBXGroup section */
		F0695D8016011515000B05D0 = {
			isa = PBXGroup;
			children = (
				F0695DD016013891000B05D0 /* Sources */,
				F0695D8D16011515000B05D0 /* Frameworks */,
				F0695D8C16011515000B05D0 /* Products */,
			);
			sourceTree = "<group>";
			usesTabs = 0;
		};
		F0695D8C16011515000B05D0 /* Products */ = {
			isa = PBXGroup;
			children = (
				F0695D8B16011515000B05D0 /* libSubliminal.a */,
			);
			name = Products;
			sourceTree = "<group>";
		};
		F0695D8D16011515000B05D0 /* Frameworks */ = {
			isa = PBXGroup;
			children = (
				F0695D8E16011515000B05D0 /* Foundation.framework */,
				F0695E0C16013D77000B05D0 /* UIKit.framework */,
			);
			name = Frameworks;
			sourceTree = "<group>";
		};
		F0695DD016013891000B05D0 /* Sources */ = {
			isa = PBXGroup;
			children = (
				F0695DEB1601391C000B05D0 /* Subliminal.h */,
				F0695DEA16013908000B05D0 /* Subliminal-Prefix.pch */,
				F0695DD5160138DF000B05D0 /* Classes */,
			);
			path = Sources;
			sourceTree = "<group>";
		};
		F0695DD5160138DF000B05D0 /* Classes */ = {
			isa = PBXGroup;
			children = (
				F0695DE2160138DF000B05D0 /* SLTestController.h */,
				F0695DE3160138DF000B05D0 /* SLTestController.m */,
				F0271AFD162E0B950098F5F2 /* SLTestController+AppContext.h */,
				F0271AFE162E0B950098F5F2 /* SLTestController+AppContext.m */,
				F0695DE0160138DF000B05D0 /* SLTest.h */,
				F0695DE1160138DF000B05D0 /* SLTest.m */,
				F0695DDE160138DF000B05D0 /* SLTerminal.h */,
				F0695DDF160138DF000B05D0 /* SLTerminal.m */,
				F0695DD6160138DF000B05D0 /* Interface Elements */,
				F0695DD9160138DF000B05D0 /* Logging */,
			);
			path = Classes;
			sourceTree = "<group>";
		};
		F0695DD6160138DF000B05D0 /* Interface Elements */ = {
			isa = PBXGroup;
			children = (
				F0695DD7160138DF000B05D0 /* SLElement.h */,
				F0695DD8160138DF000B05D0 /* SLElement.m */,
				F0E55087162E393F00F54F57 /* UIAccessibilityElement+SLElement.h */,
				F0E55088162E393F00F54F57 /* UIAccessibilityElement+SLElement.m */,
			);
			path = "Interface Elements";
			sourceTree = "<group>";
		};
		F0695DD9160138DF000B05D0 /* Logging */ = {
			isa = PBXGroup;
			children = (
				F0695DDA160138DF000B05D0 /* SLLogger.h */,
				F0695DDB160138DF000B05D0 /* SLLogger.m */,
				F0695DDC160138DF000B05D0 /* SLUIALogger.h */,
				F0695DDD160138DF000B05D0 /* SLUIALogger.m */,
			);
			path = Logging;
			sourceTree = "<group>";
		};
/* End PBXGroup section */

/* Begin PBXHeadersBuildPhase section */
		F0695E1A16014463000B05D0 /* Headers */ = {
			isa = PBXHeadersBuildPhase;
			buildActionMask = 2147483647;
			files = (
				F0695E1C16014491000B05D0 /* Subliminal.h in Headers */,
				F0695E1D16014491000B05D0 /* SLTestController.h in Headers */,
				F0695E1E16014491000B05D0 /* SLTest.h in Headers */,
				F0695E1F16014491000B05D0 /* SLTerminal.h in Headers */,
				F0695E2016014491000B05D0 /* SLElement.h in Headers */,
				F0695E2116014491000B05D0 /* SLLogger.h in Headers */,
				F0695E2216014491000B05D0 /* SLUIALogger.h in Headers */,
				F0271AFF162E0B950098F5F2 /* SLTestController+AppContext.h in Headers */,
				F0E55089162E393F00F54F57 /* UIAccessibilityElement+SLElement.h in Headers */,
			);
			runOnlyForDeploymentPostprocessing = 0;
		};
/* End PBXHeadersBuildPhase section */

/* Begin PBXNativeTarget section */
		F0695D8A16011515000B05D0 /* Subliminal */ = {
			isa = PBXNativeTarget;
			buildConfigurationList = F0695D9916011515000B05D0 /* Build configuration list for PBXNativeTarget "Subliminal" */;
			buildPhases = (
				F0695D8716011515000B05D0 /* Sources */,
				F0695D8816011515000B05D0 /* Frameworks */,
				F0695E1A16014463000B05D0 /* Headers */,
			);
			buildRules = (
			);
			dependencies = (
			);
			name = Subliminal;
			productName = Subliminal;
			productReference = F0695D8B16011515000B05D0 /* libSubliminal.a */;
			productType = "com.apple.product-type.library.static";
		};
/* End PBXNativeTarget section */

/* Begin PBXProject section */
		F0695D8216011515000B05D0 /* Project object */ = {
			isa = PBXProject;
			attributes = {
				LastUpgradeCheck = 0440;
				ORGANIZATIONNAME = Inkling;
			};
			buildConfigurationList = F0695D8516011515000B05D0 /* Build configuration list for PBXProject "Subliminal" */;
			compatibilityVersion = "Xcode 3.2";
			developmentRegion = English;
			hasScannedForEncodings = 0;
			knownRegions = (
				en,
			);
			mainGroup = F0695D8016011515000B05D0;
			productRefGroup = F0695D8C16011515000B05D0 /* Products */;
			projectDirPath = "";
			projectRoot = "";
			targets = (
				F0695D8A16011515000B05D0 /* Subliminal */,
			);
		};
/* End PBXProject section */

/* Begin PBXSourcesBuildPhase section */
		F0695D8716011515000B05D0 /* Sources */ = {
			isa = PBXSourcesBuildPhase;
			buildActionMask = 2147483647;
			files = (
				F0695DE4160138DF000B05D0 /* SLElement.m in Sources */,
				F0695DE5160138DF000B05D0 /* SLLogger.m in Sources */,
				F0695DE6160138DF000B05D0 /* SLUIALogger.m in Sources */,
				F0695DE7160138DF000B05D0 /* SLTerminal.m in Sources */,
				F0695DE8160138DF000B05D0 /* SLTest.m in Sources */,
				F0695DE9160138DF000B05D0 /* SLTestController.m in Sources */,
				F0271B00162E0B950098F5F2 /* SLTestController+AppContext.m in Sources */,
				F0E5508A162E393F00F54F57 /* UIAccessibilityElement+SLElement.m in Sources */,
			);
			runOnlyForDeploymentPostprocessing = 0;
		};
/* End PBXSourcesBuildPhase section */

/* Begin XCBuildConfiguration section */
		F0695D9716011515000B05D0 /* Debug */ = {
			isa = XCBuildConfiguration;
			buildSettings = {
				ALWAYS_SEARCH_USER_PATHS = NO;
				ARCHS = "$(ARCHS_STANDARD_32_BIT)";
				CLANG_CXX_LANGUAGE_STANDARD = "gnu++0x";
				CLANG_ENABLE_OBJC_ARC = YES;
				CLANG_WARN__DUPLICATE_METHOD_MATCH = YES;
				COPY_PHASE_STRIP = NO;
				GCC_C_LANGUAGE_STANDARD = gnu99;
				GCC_DYNAMIC_NO_PIC = NO;
				GCC_OPTIMIZATION_LEVEL = 0;
				GCC_PREPROCESSOR_DEFINITIONS = (
					"DEBUG=1",
					"$(inherited)",
				);
				GCC_SYMBOLS_PRIVATE_EXTERN = NO;
				GCC_VERSION = com.apple.compilers.llvm.clang.1_0;
				GCC_WARN_ABOUT_RETURN_TYPE = YES;
				GCC_WARN_UNINITIALIZED_AUTOS = YES;
				GCC_WARN_UNUSED_VARIABLE = YES;
				IPHONEOS_DEPLOYMENT_TARGET = 5.1;
				SDKROOT = iphoneos;
			};
			name = Debug;
		};
		F0695D9816011515000B05D0 /* Release */ = {
			isa = XCBuildConfiguration;
			buildSettings = {
				ALWAYS_SEARCH_USER_PATHS = NO;
				ARCHS = "$(ARCHS_STANDARD_32_BIT)";
				CLANG_CXX_LANGUAGE_STANDARD = "gnu++0x";
				CLANG_ENABLE_OBJC_ARC = YES;
				CLANG_WARN__DUPLICATE_METHOD_MATCH = YES;
				COPY_PHASE_STRIP = YES;
				GCC_C_LANGUAGE_STANDARD = gnu99;
				GCC_VERSION = com.apple.compilers.llvm.clang.1_0;
				GCC_WARN_ABOUT_RETURN_TYPE = YES;
				GCC_WARN_UNINITIALIZED_AUTOS = YES;
				GCC_WARN_UNUSED_VARIABLE = YES;
				IPHONEOS_DEPLOYMENT_TARGET = 5.1;
				SDKROOT = iphoneos;
				VALIDATE_PRODUCT = YES;
			};
			name = Release;
		};
		F0695D9A16011515000B05D0 /* Debug */ = {
			isa = XCBuildConfiguration;
			buildSettings = {
				DSTROOT = /tmp/Subliminal.dst;
				GCC_PRECOMPILE_PREFIX_HEADER = YES;
				GCC_PREFIX_HEADER = "Sources/Subliminal-Prefix.pch";
				GCC_TREAT_WARNINGS_AS_ERRORS = YES;
				OTHER_LDFLAGS = "-ObjC";
				PRODUCT_NAME = "$(TARGET_NAME)";
				PUBLIC_HEADERS_FOLDER_PATH = usr/local/include/Subliminal;
				SKIP_INSTALL = YES;
			};
			name = Debug;
		};
		F0695D9B16011515000B05D0 /* Release */ = {
			isa = XCBuildConfiguration;
			buildSettings = {
				DSTROOT = /tmp/Subliminal.dst;
				GCC_PRECOMPILE_PREFIX_HEADER = YES;
				GCC_PREFIX_HEADER = "Sources/Subliminal-Prefix.pch";
				GCC_TREAT_WARNINGS_AS_ERRORS = YES;
				OTHER_LDFLAGS = "-ObjC";
				PRODUCT_NAME = "$(TARGET_NAME)";
				PUBLIC_HEADERS_FOLDER_PATH = usr/local/include/Subliminal;
				SKIP_INSTALL = YES;
			};
			name = Release;
		};
/* End XCBuildConfiguration section */

/* Begin XCConfigurationList section */
		F0695D8516011515000B05D0 /* Build configuration list for PBXProject "Subliminal" */ = {
			isa = XCConfigurationList;
			buildConfigurations = (
				F0695D9716011515000B05D0 /* Debug */,
				F0695D9816011515000B05D0 /* Release */,
			);
			defaultConfigurationIsVisible = 0;
			defaultConfigurationName = Release;
		};
		F0695D9916011515000B05D0 /* Build configuration list for PBXNativeTarget "Subliminal" */ = {
			isa = XCConfigurationList;
			buildConfigurations = (
				F0695D9A16011515000B05D0 /* Debug */,
				F0695D9B16011515000B05D0 /* Release */,
			);
			defaultConfigurationIsVisible = 0;
			defaultConfigurationName = Release;
		};
/* End XCConfigurationList section */
	};
	rootObject = F0695D8216011515000B05D0 /* Project object */;
}
