// !$*UTF8*$!
{
	archiveVersion = 1;
	classes = {
	};
	objectVersion = 46;
	objects = {

/* Begin PBXBuildFile section */
		068D3E4D16DE9008004E7E28 /* SLTableViewChildElementMatchingTestViewController.xib in Resources */ = {isa = PBXBuildFile; fileRef = 068D3E4C16DE9008004E7E28 /* SLTableViewChildElementMatchingTestViewController.xib */; };
		0F21788816AE08F700C46068 /* SLMultiLogger.h in Headers */ = {isa = PBXBuildFile; fileRef = 0F21788616AE08F700C46068 /* SLMultiLogger.h */; settings = {ATTRIBUTES = (Public, ); }; };
		0F21788916AE08F700C46068 /* SLMultiLogger.m in Sources */ = {isa = PBXBuildFile; fileRef = 0F21788716AE08F700C46068 /* SLMultiLogger.m */; };
		CA75E78216697A1200D57E92 /* SLDevice.h in Headers */ = {isa = PBXBuildFile; fileRef = CA75E78016697A1200D57E92 /* SLDevice.h */; settings = {ATTRIBUTES = (Public, ); }; };
		CA75E78516697C0000D57E92 /* SLDevice.m in Sources */ = {isa = PBXBuildFile; fileRef = CA75E78116697A1200D57E92 /* SLDevice.m */; };
		CAC388051641CD7500F995F9 /* NSString+SLJavaScript.h in Headers */ = {isa = PBXBuildFile; fileRef = CAC388031641CD7500F995F9 /* NSString+SLJavaScript.h */; };
		CAC388061641CD7500F995F9 /* NSString+SLJavaScript.m in Sources */ = {isa = PBXBuildFile; fileRef = CAC388041641CD7500F995F9 /* NSString+SLJavaScript.m */; };
		CAC3883F1643503C00F995F9 /* SLAccessibility.h in Headers */ = {isa = PBXBuildFile; fileRef = CAC3883D1643503C00F995F9 /* SLAccessibility.h */; settings = {ATTRIBUTES = (Public, ); }; };
		CAC388401643503C00F995F9 /* SLAccessibility.m in Sources */ = {isa = PBXBuildFile; fileRef = CAC3883E1643503C00F995F9 /* SLAccessibility.m */; };
		F016493D16D42E3C000AEB50 /* SLTestController+Internal.h in Headers */ = {isa = PBXBuildFile; fileRef = F016493B16D42E3C000AEB50 /* SLTestController+Internal.h */; };
		F01B2B6D16D2C55900DBA391 /* SLElementMatchingTest.m in Sources */ = {isa = PBXBuildFile; fileRef = F01B2B6A16D2C55900DBA391 /* SLElementMatchingTest.m */; };
		F01B2B6E16D2C55900DBA391 /* SLElementMatchingTestViewController.m in Sources */ = {isa = PBXBuildFile; fileRef = F01B2B6B16D2C55900DBA391 /* SLElementMatchingTestViewController.m */; };
		F01B2B6F16D2C55900DBA391 /* SLElementMatchingTestViewController.xib in Resources */ = {isa = PBXBuildFile; fileRef = F01B2B6C16D2C55900DBA391 /* SLElementMatchingTestViewController.xib */; };
		F024BE33168BD70900708350 /* TestUtilities.m in Sources */ = {isa = PBXBuildFile; fileRef = F024BE32168BD70900708350 /* TestUtilities.m */; };
		F0271AFF162E0B950098F5F2 /* SLTestController+AppContext.h in Headers */ = {isa = PBXBuildFile; fileRef = F0271AFD162E0B950098F5F2 /* SLTestController+AppContext.h */; settings = {ATTRIBUTES = (Public, ); }; };
		F0271B00162E0B950098F5F2 /* SLTestController+AppContext.m in Sources */ = {isa = PBXBuildFile; fileRef = F0271AFE162E0B950098F5F2 /* SLTestController+AppContext.m */; };
		F0695D8F16011515000B05D0 /* Foundation.framework in Frameworks */ = {isa = PBXBuildFile; fileRef = F0695D8E16011515000B05D0 /* Foundation.framework */; };
		F0695DE4160138DF000B05D0 /* SLElement.m in Sources */ = {isa = PBXBuildFile; fileRef = F0695DD8160138DF000B05D0 /* SLElement.m */; };
		F0695DE5160138DF000B05D0 /* SLLogger.m in Sources */ = {isa = PBXBuildFile; fileRef = F0695DDB160138DF000B05D0 /* SLLogger.m */; };
		F0695DE6160138DF000B05D0 /* SLUIALogger.m in Sources */ = {isa = PBXBuildFile; fileRef = F0695DDD160138DF000B05D0 /* SLUIALogger.m */; };
		F0695DE7160138DF000B05D0 /* SLTerminal.m in Sources */ = {isa = PBXBuildFile; fileRef = F0695DDF160138DF000B05D0 /* SLTerminal.m */; };
		F0695DE8160138DF000B05D0 /* SLTest.m in Sources */ = {isa = PBXBuildFile; fileRef = F0695DE1160138DF000B05D0 /* SLTest.m */; };
		F0695DE9160138DF000B05D0 /* SLTestController.m in Sources */ = {isa = PBXBuildFile; fileRef = F0695DE3160138DF000B05D0 /* SLTestController.m */; };
		F0695E0D16013D77000B05D0 /* UIKit.framework in Frameworks */ = {isa = PBXBuildFile; fileRef = F0695E0C16013D77000B05D0 /* UIKit.framework */; };
		F0695E1C16014491000B05D0 /* Subliminal.h in Headers */ = {isa = PBXBuildFile; fileRef = F0695DEB1601391C000B05D0 /* Subliminal.h */; settings = {ATTRIBUTES = (Public, ); }; };
		F0695E1D16014491000B05D0 /* SLTestController.h in Headers */ = {isa = PBXBuildFile; fileRef = F0695DE2160138DF000B05D0 /* SLTestController.h */; settings = {ATTRIBUTES = (Public, ); }; };
		F0695E1E16014491000B05D0 /* SLTest.h in Headers */ = {isa = PBXBuildFile; fileRef = F0695DE0160138DF000B05D0 /* SLTest.h */; settings = {ATTRIBUTES = (Public, ); }; };
		F0695E1F16014491000B05D0 /* SLTerminal.h in Headers */ = {isa = PBXBuildFile; fileRef = F0695DDE160138DF000B05D0 /* SLTerminal.h */; settings = {ATTRIBUTES = (Public, ); }; };
		F0695E2016014491000B05D0 /* SLElement.h in Headers */ = {isa = PBXBuildFile; fileRef = F0695DD7160138DF000B05D0 /* SLElement.h */; settings = {ATTRIBUTES = (Public, ); }; };
		F0695E2116014491000B05D0 /* SLLogger.h in Headers */ = {isa = PBXBuildFile; fileRef = F0695DDA160138DF000B05D0 /* SLLogger.h */; settings = {ATTRIBUTES = (Public, ); }; };
		F0695E2216014491000B05D0 /* SLUIALogger.h in Headers */ = {isa = PBXBuildFile; fileRef = F0695DDC160138DF000B05D0 /* SLUIALogger.h */; settings = {ATTRIBUTES = (Public, ); }; };
		F08B86EB16859C8D00C4FE44 /* libOCMock.a in Frameworks */ = {isa = PBXBuildFile; fileRef = F08B86DB16859C4000C4FE44 /* libOCMock.a */; };
		F08B87F21685A00400C4FE44 /* SharedSLTests.m in Sources */ = {isa = PBXBuildFile; fileRef = F08B87F11685A00400C4FE44 /* SharedSLTests.m */; };
		F08B87F51685A07B00C4FE44 /* SLTestTests.m in Sources */ = {isa = PBXBuildFile; fileRef = F08B87F41685A07B00C4FE44 /* SLTestTests.m */; };
		F0A040131698ECDE009D8157 /* SLTestController+AppContextTests.m in Sources */ = {isa = PBXBuildFile; fileRef = F0A040121698ECDE009D8157 /* SLTestController+AppContextTests.m */; };
		F0AC809516BB299500C5D5C0 /* UIKit.framework in Frameworks */ = {isa = PBXBuildFile; fileRef = F0695E0C16013D77000B05D0 /* UIKit.framework */; };
		F0AC809616BB299500C5D5C0 /* Foundation.framework in Frameworks */ = {isa = PBXBuildFile; fileRef = F0695D8E16011515000B05D0 /* Foundation.framework */; };
		F0AC809816BB299500C5D5C0 /* CoreGraphics.framework in Frameworks */ = {isa = PBXBuildFile; fileRef = F0AC809716BB299500C5D5C0 /* CoreGraphics.framework */; };
		F0AC809E16BB299500C5D5C0 /* InfoPlist.strings in Resources */ = {isa = PBXBuildFile; fileRef = F0AC809C16BB299500C5D5C0 /* InfoPlist.strings */; };
		F0AC80A016BB299500C5D5C0 /* main.m in Sources */ = {isa = PBXBuildFile; fileRef = F0AC809F16BB299500C5D5C0 /* main.m */; };
		F0AC80A416BB299500C5D5C0 /* SLIntegrationTestsAppDelegate.m in Sources */ = {isa = PBXBuildFile; fileRef = F0AC80A316BB299500C5D5C0 /* SLIntegrationTestsAppDelegate.m */; };
		F0AC80A616BB299500C5D5C0 /* Default.png in Resources */ = {isa = PBXBuildFile; fileRef = F0AC80A516BB299500C5D5C0 /* Default.png */; };
		F0AC80A816BB299500C5D5C0 /* Default@2x.png in Resources */ = {isa = PBXBuildFile; fileRef = F0AC80A716BB299500C5D5C0 /* Default@2x.png */; };
		F0AC80AA16BB299500C5D5C0 /* Default-568h@2x.png in Resources */ = {isa = PBXBuildFile; fileRef = F0AC80A916BB299500C5D5C0 /* Default-568h@2x.png */; };
		F0AC80B316BB29B700C5D5C0 /* libSubliminal.a in Frameworks */ = {isa = PBXBuildFile; fileRef = F0695D8B16011515000B05D0 /* libSubliminal.a */; };
		F0AC80BD16BB50FF00C5D5C0 /* SLTestsViewController.m in Sources */ = {isa = PBXBuildFile; fileRef = F0AC80BC16BB50FF00C5D5C0 /* SLTestsViewController.m */; };
		F0AC80C116BB559F00C5D5C0 /* SLIntegrationTest.m in Sources */ = {isa = PBXBuildFile; fileRef = F0AC80C016BB559F00C5D5C0 /* SLIntegrationTest.m */; };
		F0AC80C416BC355D00C5D5C0 /* SLTerminalTest.m in Sources */ = {isa = PBXBuildFile; fileRef = F0AC80C316BC355D00C5D5C0 /* SLTerminalTest.m */; };
		F0AC80C816BC367E00C5D5C0 /* SLTestViewController.m in Sources */ = {isa = PBXBuildFile; fileRef = F0AC80C716BC367E00C5D5C0 /* SLTestViewController.m */; };
		F0AC80E616BCF91800C5D5C0 /* SLTestCaseViewController.m in Sources */ = {isa = PBXBuildFile; fileRef = F0AC80E516BCF91800C5D5C0 /* SLTestCaseViewController.m */; };
		F0CE9FFD16D60E2C008A3B4A /* libOCMock.a in Frameworks */ = {isa = PBXBuildFile; fileRef = F08B86DB16859C4000C4FE44 /* libOCMock.a */; };
		F0CEA00216D60EAD008A3B4A /* SLDeviceTest.m in Sources */ = {isa = PBXBuildFile; fileRef = F0CE9FFF16D60EAD008A3B4A /* SLDeviceTest.m */; };
		F0CEA00316D60EAD008A3B4A /* SLDeviceTestViewController.m in Sources */ = {isa = PBXBuildFile; fileRef = F0CEA00016D60EAD008A3B4A /* SLDeviceTestViewController.m */; };
		F0CEA00416D60EAD008A3B4A /* SLDeviceTestViewController.xib in Resources */ = {isa = PBXBuildFile; fileRef = F0CEA00116D60EAD008A3B4A /* SLDeviceTestViewController.xib */; };
		F0CEDA3116BF5FA5005FE8B9 /* SLTest+Internal.h in Headers */ = {isa = PBXBuildFile; fileRef = F0CEDA2F16BF5FA5005FE8B9 /* SLTest+Internal.h */; };
		F0D240541683F7130031B67C /* SenTestingKit.framework in Frameworks */ = {isa = PBXBuildFile; fileRef = F0D240531683F7130031B67C /* SenTestingKit.framework */; };
		F0D240551683F7130031B67C /* UIKit.framework in Frameworks */ = {isa = PBXBuildFile; fileRef = F0695E0C16013D77000B05D0 /* UIKit.framework */; };
		F0D240561683F7130031B67C /* Foundation.framework in Frameworks */ = {isa = PBXBuildFile; fileRef = F0695D8E16011515000B05D0 /* Foundation.framework */; };
		F0D2405C1683F7130031B67C /* InfoPlist.strings in Resources */ = {isa = PBXBuildFile; fileRef = F0D2405A1683F7130031B67C /* InfoPlist.strings */; };
		F0D240671683F8520031B67C /* SLTestControllerTests.m in Sources */ = {isa = PBXBuildFile; fileRef = F0D240661683F8520031B67C /* SLTestControllerTests.m */; };
		F0D2406A1683F9800031B67C /* libSubliminal.a in Frameworks */ = {isa = PBXBuildFile; fileRef = F0695D8B16011515000B05D0 /* libSubliminal.a */; };
/* End PBXBuildFile section */

/* Begin PBXContainerItemProxy section */
		F08B86D616859C4000C4FE44 /* PBXContainerItemProxy */ = {
			isa = PBXContainerItemProxy;
			containerPortal = F08B86CC16859C4000C4FE44 /* OCMock.xcodeproj */;
			proxyType = 2;
			remoteGlobalIDString = 030EF0A814632FD000B04273;
			remoteInfo = OCMock;
		};
		F08B86D816859C4000C4FE44 /* PBXContainerItemProxy */ = {
			isa = PBXContainerItemProxy;
			containerPortal = F08B86CC16859C4000C4FE44 /* OCMock.xcodeproj */;
			proxyType = 2;
			remoteGlobalIDString = 030EF0C014632FD000B04273;
			remoteInfo = OCMockTests;
		};
		F08B86DA16859C4000C4FE44 /* PBXContainerItemProxy */ = {
			isa = PBXContainerItemProxy;
			containerPortal = F08B86CC16859C4000C4FE44 /* OCMock.xcodeproj */;
			proxyType = 2;
			remoteGlobalIDString = 030EF0DC14632FF700B04273;
			remoteInfo = OCMockLib;
		};
		F08B86DC16859C4000C4FE44 /* PBXContainerItemProxy */ = {
			isa = PBXContainerItemProxy;
			containerPortal = F08B86CC16859C4000C4FE44 /* OCMock.xcodeproj */;
			proxyType = 2;
			remoteGlobalIDString = F04D5FDD1547E14D009D1CBF;
			remoteInfo = OCMockTestsTouch;
		};
		F08B86DE16859C5500C4FE44 /* PBXContainerItemProxy */ = {
			isa = PBXContainerItemProxy;
			containerPortal = F08B86CC16859C4000C4FE44 /* OCMock.xcodeproj */;
			proxyType = 1;
			remoteGlobalIDString = 030EF0DB14632FF700B04273;
			remoteInfo = OCMockLib;
		};
		F0AC80B116BB29AB00C5D5C0 /* PBXContainerItemProxy */ = {
			isa = PBXContainerItemProxy;
			containerPortal = F0695D8216011515000B05D0 /* Project object */;
			proxyType = 1;
			remoteGlobalIDString = F0695D8A16011515000B05D0;
			remoteInfo = Subliminal;
		};
		F0CE9FF816D60E22008A3B4A /* PBXContainerItemProxy */ = {
			isa = PBXContainerItemProxy;
			containerPortal = F08B86CC16859C4000C4FE44 /* OCMock.xcodeproj */;
			proxyType = 1;
			remoteGlobalIDString = 030EF0DB14632FF700B04273;
			remoteInfo = OCMockLib;
		};
		F0D240681683F97A0031B67C /* PBXContainerItemProxy */ = {
			isa = PBXContainerItemProxy;
			containerPortal = F0695D8216011515000B05D0 /* Project object */;
			proxyType = 1;
			remoteGlobalIDString = F0695D8A16011515000B05D0;
			remoteInfo = Subliminal;
		};
/* End PBXContainerItemProxy section */

/* Begin PBXFileReference section */
		068D3E4C16DE9008004E7E28 /* SLTableViewChildElementMatchingTestViewController.xib */ = {isa = PBXFileReference; fileEncoding = 4; lastKnownFileType = file.xib; path = SLTableViewChildElementMatchingTestViewController.xib; sourceTree = "<group>"; };
		0F21788616AE08F700C46068 /* SLMultiLogger.h */ = {isa = PBXFileReference; fileEncoding = 4; lastKnownFileType = sourcecode.c.h; path = SLMultiLogger.h; sourceTree = "<group>"; };
		0F21788716AE08F700C46068 /* SLMultiLogger.m */ = {isa = PBXFileReference; fileEncoding = 4; lastKnownFileType = sourcecode.c.objc; path = SLMultiLogger.m; sourceTree = "<group>"; };
		CA75E78016697A1200D57E92 /* SLDevice.h */ = {isa = PBXFileReference; fileEncoding = 4; lastKnownFileType = sourcecode.c.h; path = SLDevice.h; sourceTree = "<group>"; };
		CA75E78116697A1200D57E92 /* SLDevice.m */ = {isa = PBXFileReference; fileEncoding = 4; lastKnownFileType = sourcecode.c.objc; path = SLDevice.m; sourceTree = "<group>"; };
		CAC388031641CD7500F995F9 /* NSString+SLJavaScript.h */ = {isa = PBXFileReference; fileEncoding = 4; lastKnownFileType = sourcecode.c.h; name = "NSString+SLJavaScript.h"; path = "Categories/NSString+SLJavaScript.h"; sourceTree = "<group>"; };
		CAC388041641CD7500F995F9 /* NSString+SLJavaScript.m */ = {isa = PBXFileReference; fileEncoding = 4; lastKnownFileType = sourcecode.c.objc; name = "NSString+SLJavaScript.m"; path = "Categories/NSString+SLJavaScript.m"; sourceTree = "<group>"; };
		CAC3883D1643503C00F995F9 /* SLAccessibility.h */ = {isa = PBXFileReference; fileEncoding = 4; lastKnownFileType = sourcecode.c.h; path = SLAccessibility.h; sourceTree = "<group>"; };
		CAC3883E1643503C00F995F9 /* SLAccessibility.m */ = {isa = PBXFileReference; fileEncoding = 4; lastKnownFileType = sourcecode.c.objc; path = SLAccessibility.m; sourceTree = "<group>"; };
		F016493B16D42E3C000AEB50 /* SLTestController+Internal.h */ = {isa = PBXFileReference; fileEncoding = 4; lastKnownFileType = sourcecode.c.h; path = "SLTestController+Internal.h"; sourceTree = "<group>"; };
		F01B2B6A16D2C55900DBA391 /* SLElementMatchingTest.m */ = {isa = PBXFileReference; fileEncoding = 4; lastKnownFileType = sourcecode.c.objc; path = SLElementMatchingTest.m; sourceTree = "<group>"; };
		F01B2B6B16D2C55900DBA391 /* SLElementMatchingTestViewController.m */ = {isa = PBXFileReference; fileEncoding = 4; lastKnownFileType = sourcecode.c.objc; path = SLElementMatchingTestViewController.m; sourceTree = "<group>"; };
		F01B2B6C16D2C55900DBA391 /* SLElementMatchingTestViewController.xib */ = {isa = PBXFileReference; fileEncoding = 4; lastKnownFileType = file.xib; path = SLElementMatchingTestViewController.xib; sourceTree = "<group>"; };
		F024BE31168BD70900708350 /* TestUtilities.h */ = {isa = PBXFileReference; fileEncoding = 4; lastKnownFileType = sourcecode.c.h; path = TestUtilities.h; sourceTree = "<group>"; };
		F024BE32168BD70900708350 /* TestUtilities.m */ = {isa = PBXFileReference; fileEncoding = 4; lastKnownFileType = sourcecode.c.objc; path = TestUtilities.m; sourceTree = "<group>"; };
		F0271AFD162E0B950098F5F2 /* SLTestController+AppContext.h */ = {isa = PBXFileReference; fileEncoding = 4; lastKnownFileType = sourcecode.c.h; path = "SLTestController+AppContext.h"; sourceTree = "<group>"; };
		F0271AFE162E0B950098F5F2 /* SLTestController+AppContext.m */ = {isa = PBXFileReference; fileEncoding = 4; lastKnownFileType = sourcecode.c.objc; path = "SLTestController+AppContext.m"; sourceTree = "<group>"; };
		F0695D8B16011515000B05D0 /* libSubliminal.a */ = {isa = PBXFileReference; explicitFileType = archive.ar; includeInIndex = 0; path = libSubliminal.a; sourceTree = BUILT_PRODUCTS_DIR; };
		F0695D8E16011515000B05D0 /* Foundation.framework */ = {isa = PBXFileReference; lastKnownFileType = wrapper.framework; name = Foundation.framework; path = System/Library/Frameworks/Foundation.framework; sourceTree = SDKROOT; };
		F0695DD7160138DF000B05D0 /* SLElement.h */ = {isa = PBXFileReference; fileEncoding = 4; lastKnownFileType = sourcecode.c.h; path = SLElement.h; sourceTree = "<group>"; };
		F0695DD8160138DF000B05D0 /* SLElement.m */ = {isa = PBXFileReference; fileEncoding = 4; lastKnownFileType = sourcecode.c.objc; path = SLElement.m; sourceTree = "<group>"; };
		F0695DDA160138DF000B05D0 /* SLLogger.h */ = {isa = PBXFileReference; fileEncoding = 4; lastKnownFileType = sourcecode.c.h; path = SLLogger.h; sourceTree = "<group>"; };
		F0695DDB160138DF000B05D0 /* SLLogger.m */ = {isa = PBXFileReference; fileEncoding = 4; lastKnownFileType = sourcecode.c.objc; path = SLLogger.m; sourceTree = "<group>"; };
		F0695DDC160138DF000B05D0 /* SLUIALogger.h */ = {isa = PBXFileReference; fileEncoding = 4; lastKnownFileType = sourcecode.c.h; path = SLUIALogger.h; sourceTree = "<group>"; };
		F0695DDD160138DF000B05D0 /* SLUIALogger.m */ = {isa = PBXFileReference; fileEncoding = 4; lastKnownFileType = sourcecode.c.objc; path = SLUIALogger.m; sourceTree = "<group>"; };
		F0695DDE160138DF000B05D0 /* SLTerminal.h */ = {isa = PBXFileReference; fileEncoding = 4; lastKnownFileType = sourcecode.c.h; path = SLTerminal.h; sourceTree = "<group>"; };
		F0695DDF160138DF000B05D0 /* SLTerminal.m */ = {isa = PBXFileReference; fileEncoding = 4; lastKnownFileType = sourcecode.c.objc; path = SLTerminal.m; sourceTree = "<group>"; };
		F0695DE0160138DF000B05D0 /* SLTest.h */ = {isa = PBXFileReference; fileEncoding = 4; lastKnownFileType = sourcecode.c.h; path = SLTest.h; sourceTree = "<group>"; };
		F0695DE1160138DF000B05D0 /* SLTest.m */ = {isa = PBXFileReference; fileEncoding = 4; lastKnownFileType = sourcecode.c.objc; path = SLTest.m; sourceTree = "<group>"; };
		F0695DE2160138DF000B05D0 /* SLTestController.h */ = {isa = PBXFileReference; fileEncoding = 4; lastKnownFileType = sourcecode.c.h; path = SLTestController.h; sourceTree = "<group>"; };
		F0695DE3160138DF000B05D0 /* SLTestController.m */ = {isa = PBXFileReference; fileEncoding = 4; lastKnownFileType = sourcecode.c.objc; path = SLTestController.m; sourceTree = "<group>"; };
		F0695DEA16013908000B05D0 /* Subliminal-Prefix.pch */ = {isa = PBXFileReference; fileEncoding = 4; lastKnownFileType = sourcecode.c.h; path = "Subliminal-Prefix.pch"; sourceTree = "<group>"; };
		F0695DEB1601391C000B05D0 /* Subliminal.h */ = {isa = PBXFileReference; lastKnownFileType = sourcecode.c.h; path = Subliminal.h; sourceTree = "<group>"; };
		F0695E0C16013D77000B05D0 /* UIKit.framework */ = {isa = PBXFileReference; lastKnownFileType = wrapper.framework; name = UIKit.framework; path = System/Library/Frameworks/UIKit.framework; sourceTree = SDKROOT; };
		F08B86CC16859C4000C4FE44 /* OCMock.xcodeproj */ = {isa = PBXFileReference; lastKnownFileType = "wrapper.pb-project"; name = OCMock.xcodeproj; path = OCMock/Source/OCMock.xcodeproj; sourceTree = "<group>"; };
		F08B87F01685A00400C4FE44 /* SharedSLTests.h */ = {isa = PBXFileReference; fileEncoding = 4; lastKnownFileType = sourcecode.c.h; path = SharedSLTests.h; sourceTree = "<group>"; };
		F08B87F11685A00400C4FE44 /* SharedSLTests.m */ = {isa = PBXFileReference; fileEncoding = 4; lastKnownFileType = sourcecode.c.objc; path = SharedSLTests.m; sourceTree = "<group>"; };
		F08B87F41685A07B00C4FE44 /* SLTestTests.m */ = {isa = PBXFileReference; fileEncoding = 4; lastKnownFileType = sourcecode.c.objc; path = SLTestTests.m; sourceTree = "<group>"; };
		F0A040121698ECDE009D8157 /* SLTestController+AppContextTests.m */ = {isa = PBXFileReference; fileEncoding = 4; lastKnownFileType = sourcecode.c.objc; path = "SLTestController+AppContextTests.m"; sourceTree = "<group>"; };
		F0AC809416BB299500C5D5C0 /* Integration Tests.app */ = {isa = PBXFileReference; explicitFileType = wrapper.application; includeInIndex = 0; path = "Integration Tests.app"; sourceTree = BUILT_PRODUCTS_DIR; };
		F0AC809716BB299500C5D5C0 /* CoreGraphics.framework */ = {isa = PBXFileReference; lastKnownFileType = wrapper.framework; name = CoreGraphics.framework; path = System/Library/Frameworks/CoreGraphics.framework; sourceTree = SDKROOT; };
		F0AC809B16BB299500C5D5C0 /* Integration Tests-Info.plist */ = {isa = PBXFileReference; lastKnownFileType = text.plist.xml; path = "Integration Tests-Info.plist"; sourceTree = "<group>"; };
		F0AC809D16BB299500C5D5C0 /* en */ = {isa = PBXFileReference; lastKnownFileType = text.plist.strings; name = en; path = en.lproj/InfoPlist.strings; sourceTree = "<group>"; };
		F0AC809F16BB299500C5D5C0 /* main.m */ = {isa = PBXFileReference; lastKnownFileType = sourcecode.c.objc; path = main.m; sourceTree = "<group>"; };
		F0AC80A116BB299500C5D5C0 /* Integration Tests-Prefix.pch */ = {isa = PBXFileReference; lastKnownFileType = sourcecode.c.h; path = "Integration Tests-Prefix.pch"; sourceTree = "<group>"; };
		F0AC80A216BB299500C5D5C0 /* SLIntegrationTestsAppDelegate.h */ = {isa = PBXFileReference; lastKnownFileType = sourcecode.c.h; path = SLIntegrationTestsAppDelegate.h; sourceTree = "<group>"; };
		F0AC80A316BB299500C5D5C0 /* SLIntegrationTestsAppDelegate.m */ = {isa = PBXFileReference; lastKnownFileType = sourcecode.c.objc; path = SLIntegrationTestsAppDelegate.m; sourceTree = "<group>"; };
		F0AC80A516BB299500C5D5C0 /* Default.png */ = {isa = PBXFileReference; lastKnownFileType = image.png; path = Default.png; sourceTree = "<group>"; };
		F0AC80A716BB299500C5D5C0 /* Default@2x.png */ = {isa = PBXFileReference; lastKnownFileType = image.png; path = "Default@2x.png"; sourceTree = "<group>"; };
		F0AC80A916BB299500C5D5C0 /* Default-568h@2x.png */ = {isa = PBXFileReference; lastKnownFileType = image.png; path = "Default-568h@2x.png"; sourceTree = "<group>"; };
		F0AC80BB16BB50FF00C5D5C0 /* SLTestsViewController.h */ = {isa = PBXFileReference; fileEncoding = 4; lastKnownFileType = sourcecode.c.h; path = SLTestsViewController.h; sourceTree = "<group>"; };
		F0AC80BC16BB50FF00C5D5C0 /* SLTestsViewController.m */ = {isa = PBXFileReference; fileEncoding = 4; lastKnownFileType = sourcecode.c.objc; path = SLTestsViewController.m; sourceTree = "<group>"; };
		F0AC80BF16BB559F00C5D5C0 /* SLIntegrationTest.h */ = {isa = PBXFileReference; fileEncoding = 4; lastKnownFileType = sourcecode.c.h; path = SLIntegrationTest.h; sourceTree = "<group>"; };
		F0AC80C016BB559F00C5D5C0 /* SLIntegrationTest.m */ = {isa = PBXFileReference; fileEncoding = 4; lastKnownFileType = sourcecode.c.objc; path = SLIntegrationTest.m; sourceTree = "<group>"; };
		F0AC80C316BC355D00C5D5C0 /* SLTerminalTest.m */ = {isa = PBXFileReference; fileEncoding = 4; lastKnownFileType = sourcecode.c.objc; path = SLTerminalTest.m; sourceTree = "<group>"; };
		F0AC80C616BC367E00C5D5C0 /* SLTestViewController.h */ = {isa = PBXFileReference; fileEncoding = 4; lastKnownFileType = sourcecode.c.h; path = SLTestViewController.h; sourceTree = "<group>"; };
		F0AC80C716BC367E00C5D5C0 /* SLTestViewController.m */ = {isa = PBXFileReference; fileEncoding = 4; lastKnownFileType = sourcecode.c.objc; path = SLTestViewController.m; sourceTree = "<group>"; };
		F0AC80E416BCF91800C5D5C0 /* SLTestCaseViewController.h */ = {isa = PBXFileReference; fileEncoding = 4; lastKnownFileType = sourcecode.c.h; path = SLTestCaseViewController.h; sourceTree = "<group>"; };
		F0AC80E516BCF91800C5D5C0 /* SLTestCaseViewController.m */ = {isa = PBXFileReference; fileEncoding = 4; lastKnownFileType = sourcecode.c.objc; path = SLTestCaseViewController.m; sourceTree = "<group>"; };
		F0CE9FFF16D60EAD008A3B4A /* SLDeviceTest.m */ = {isa = PBXFileReference; fileEncoding = 4; lastKnownFileType = sourcecode.c.objc; path = SLDeviceTest.m; sourceTree = "<group>"; };
		F0CEA00016D60EAD008A3B4A /* SLDeviceTestViewController.m */ = {isa = PBXFileReference; fileEncoding = 4; lastKnownFileType = sourcecode.c.objc; path = SLDeviceTestViewController.m; sourceTree = "<group>"; };
		F0CEA00116D60EAD008A3B4A /* SLDeviceTestViewController.xib */ = {isa = PBXFileReference; fileEncoding = 4; lastKnownFileType = file.xib; path = SLDeviceTestViewController.xib; sourceTree = "<group>"; };
		F0CEDA2F16BF5FA5005FE8B9 /* SLTest+Internal.h */ = {isa = PBXFileReference; fileEncoding = 4; lastKnownFileType = sourcecode.c.h; path = "SLTest+Internal.h"; sourceTree = "<group>"; };
		F0D240521683F7130031B67C /* Subliminal Unit Tests.octest */ = {isa = PBXFileReference; explicitFileType = wrapper.cfbundle; includeInIndex = 0; path = "Subliminal Unit Tests.octest"; sourceTree = BUILT_PRODUCTS_DIR; };
		F0D240531683F7130031B67C /* SenTestingKit.framework */ = {isa = PBXFileReference; lastKnownFileType = wrapper.framework; name = SenTestingKit.framework; path = Library/Frameworks/SenTestingKit.framework; sourceTree = DEVELOPER_DIR; };
		F0D240591683F7130031B67C /* Subliminal Unit Tests-Info.plist */ = {isa = PBXFileReference; lastKnownFileType = text.plist.xml; path = "Subliminal Unit Tests-Info.plist"; sourceTree = "<group>"; };
		F0D2405B1683F7130031B67C /* en */ = {isa = PBXFileReference; lastKnownFileType = text.plist.strings; name = en; path = en.lproj/InfoPlist.strings; sourceTree = "<group>"; };
		F0D240601683F7130031B67C /* Subliminal Unit Tests-Prefix.pch */ = {isa = PBXFileReference; lastKnownFileType = sourcecode.c.h; path = "Subliminal Unit Tests-Prefix.pch"; sourceTree = "<group>"; };
		F0D240661683F8520031B67C /* SLTestControllerTests.m */ = {isa = PBXFileReference; fileEncoding = 4; lastKnownFileType = sourcecode.c.objc; path = SLTestControllerTests.m; sourceTree = "<group>"; };
/* End PBXFileReference section */

/* Begin PBXFrameworksBuildPhase section */
		F0695D8816011515000B05D0 /* Frameworks */ = {
			isa = PBXFrameworksBuildPhase;
			buildActionMask = 2147483647;
			files = (
				F0695D8F16011515000B05D0 /* Foundation.framework in Frameworks */,
				F0695E0D16013D77000B05D0 /* UIKit.framework in Frameworks */,
			);
			runOnlyForDeploymentPostprocessing = 0;
		};
		F0AC809116BB299500C5D5C0 /* Frameworks */ = {
			isa = PBXFrameworksBuildPhase;
			buildActionMask = 2147483647;
			files = (
				F0CE9FFD16D60E2C008A3B4A /* libOCMock.a in Frameworks */,
				F0AC80B316BB29B700C5D5C0 /* libSubliminal.a in Frameworks */,
				F0AC809516BB299500C5D5C0 /* UIKit.framework in Frameworks */,
				F0AC809616BB299500C5D5C0 /* Foundation.framework in Frameworks */,
				F0AC809816BB299500C5D5C0 /* CoreGraphics.framework in Frameworks */,
			);
			runOnlyForDeploymentPostprocessing = 0;
		};
		F0D2404E1683F7130031B67C /* Frameworks */ = {
			isa = PBXFrameworksBuildPhase;
			buildActionMask = 2147483647;
			files = (
				F0D2406A1683F9800031B67C /* libSubliminal.a in Frameworks */,
				F08B86EB16859C8D00C4FE44 /* libOCMock.a in Frameworks */,
				F0D240541683F7130031B67C /* SenTestingKit.framework in Frameworks */,
				F0D240551683F7130031B67C /* UIKit.framework in Frameworks */,
				F0D240561683F7130031B67C /* Foundation.framework in Frameworks */,
			);
			runOnlyForDeploymentPostprocessing = 0;
		};
/* End PBXFrameworksBuildPhase section */

/* Begin PBXGroup section */
		CAC388011641CD4800F995F9 /* Categories */ = {
			isa = PBXGroup;
			children = (
				CAC388031641CD7500F995F9 /* NSString+SLJavaScript.h */,
				CAC388041641CD7500F995F9 /* NSString+SLJavaScript.m */,
			);
			name = Categories;
			sourceTree = "<group>";
		};
		F002BF451698ED8100819291 /* Utilities */ = {
			isa = PBXGroup;
			children = (
				F024BE31168BD70900708350 /* TestUtilities.h */,
				F024BE32168BD70900708350 /* TestUtilities.m */,
				F08B87F01685A00400C4FE44 /* SharedSLTests.h */,
				F08B87F11685A00400C4FE44 /* SharedSLTests.m */,
			);
			name = Utilities;
			sourceTree = "<group>";
		};
		F013798E16D0843B009BAF22 /* SLTerminal Tests */ = {
			isa = PBXGroup;
			children = (
				F0AC80C316BC355D00C5D5C0 /* SLTerminalTest.m */,
			);
			name = "SLTerminal Tests";
			sourceTree = "<group>";
		};
		F05263C316D2C2CF0090174F /* SLElement Matching Tests */ = {
			isa = PBXGroup;
			children = (
				F01B2B6A16D2C55900DBA391 /* SLElementMatchingTest.m */,
				F01B2B6B16D2C55900DBA391 /* SLElementMatchingTestViewController.m */,
				F01B2B6C16D2C55900DBA391 /* SLElementMatchingTestViewController.xib */,
				068D3E4C16DE9008004E7E28 /* SLTableViewChildElementMatchingTestViewController.xib */,
			);
			name = "SLElement Matching Tests";
			sourceTree = "<group>";
		};
		F0695D8016011515000B05D0 = {
			isa = PBXGroup;
			children = (
				F0695DD016013891000B05D0 /* Sources */,
				F0D240571683F7130031B67C /* Subliminal Unit Tests */,
				F0AC809916BB299500C5D5C0 /* Integration Tests */,
				F0695D8D16011515000B05D0 /* Frameworks */,
				F0695D8C16011515000B05D0 /* Products */,
			);
			sourceTree = "<group>";
			usesTabs = 0;
		};
		F0695D8C16011515000B05D0 /* Products */ = {
			isa = PBXGroup;
			children = (
				F0695D8B16011515000B05D0 /* libSubliminal.a */,
				F0D240521683F7130031B67C /* Subliminal Unit Tests.octest */,
				F0AC809416BB299500C5D5C0 /* Integration Tests.app */,
			);
			name = Products;
			sourceTree = "<group>";
		};
		F0695D8D16011515000B05D0 /* Frameworks */ = {
			isa = PBXGroup;
			children = (
				F0695D8E16011515000B05D0 /* Foundation.framework */,
				F0695E0C16013D77000B05D0 /* UIKit.framework */,
				F0D240531683F7130031B67C /* SenTestingKit.framework */,
				F0AC809716BB299500C5D5C0 /* CoreGraphics.framework */,
			);
			name = Frameworks;
			sourceTree = "<group>";
		};
		F0695DD016013891000B05D0 /* Sources */ = {
			isa = PBXGroup;
			children = (
				F0695DEB1601391C000B05D0 /* Subliminal.h */,
				F0695DEA16013908000B05D0 /* Subliminal-Prefix.pch */,
				F0695DD5160138DF000B05D0 /* Classes */,
			);
			path = Sources;
			sourceTree = "<group>";
		};
		F0695DD5160138DF000B05D0 /* Classes */ = {
			isa = PBXGroup;
			children = (
				CAC3883D1643503C00F995F9 /* SLAccessibility.h */,
				CAC3883E1643503C00F995F9 /* SLAccessibility.m */,
				F0695DE2160138DF000B05D0 /* SLTestController.h */,
				F016493B16D42E3C000AEB50 /* SLTestController+Internal.h */,
				F0695DE3160138DF000B05D0 /* SLTestController.m */,
				F0271AFD162E0B950098F5F2 /* SLTestController+AppContext.h */,
				F0271AFE162E0B950098F5F2 /* SLTestController+AppContext.m */,
				F0695DE0160138DF000B05D0 /* SLTest.h */,
				F0CEDA2F16BF5FA5005FE8B9 /* SLTest+Internal.h */,
				F0695DE1160138DF000B05D0 /* SLTest.m */,
				F0695DDE160138DF000B05D0 /* SLTerminal.h */,
				F0695DDF160138DF000B05D0 /* SLTerminal.m */,
				F0695DD6160138DF000B05D0 /* Interface Elements */,
				F0695DD9160138DF000B05D0 /* Logging */,
				CAC388011641CD4800F995F9 /* Categories */,
			);
			path = Classes;
			sourceTree = "<group>";
		};
		F0695DD6160138DF000B05D0 /* Interface Elements */ = {
			isa = PBXGroup;
			children = (
				CA75E78016697A1200D57E92 /* SLDevice.h */,
				CA75E78116697A1200D57E92 /* SLDevice.m */,
				F0695DD7160138DF000B05D0 /* SLElement.h */,
				F0695DD8160138DF000B05D0 /* SLElement.m */,
			);
			path = "Interface Elements";
			sourceTree = "<group>";
		};
		F0695DD9160138DF000B05D0 /* Logging */ = {
			isa = PBXGroup;
			children = (
				0F21788616AE08F700C46068 /* SLMultiLogger.h */,
				0F21788716AE08F700C46068 /* SLMultiLogger.m */,
				F0695DDA160138DF000B05D0 /* SLLogger.h */,
				F0695DDB160138DF000B05D0 /* SLLogger.m */,
				F0695DDC160138DF000B05D0 /* SLUIALogger.h */,
				F0695DDD160138DF000B05D0 /* SLUIALogger.m */,
			);
			path = Logging;
			sourceTree = "<group>";
		};
		F08B86CA16859B1A00C4FE44 /* OCMock */ = {
			isa = PBXGroup;
			children = (
				F08B86CC16859C4000C4FE44 /* OCMock.xcodeproj */,
			);
			name = OCMock;
			sourceTree = "<group>";
		};
		F08B86CD16859C4000C4FE44 /* Products */ = {
			isa = PBXGroup;
			children = (
				F08B86D716859C4000C4FE44 /* OCMock.framework */,
				F08B86D916859C4000C4FE44 /* OCMockTests.octest */,
				F08B86DB16859C4000C4FE44 /* libOCMock.a */,
				F08B86DD16859C4000C4FE44 /* OCMockTestsTouch.octest */,
			);
			name = Products;
			sourceTree = "<group>";
		};
		F0AC809916BB299500C5D5C0 /* Integration Tests */ = {
			isa = PBXGroup;
			children = (
				F0AC809A16BB299500C5D5C0 /* Supporting Files */,
				F0AC80A216BB299500C5D5C0 /* SLIntegrationTestsAppDelegate.h */,
				F0AC80A316BB299500C5D5C0 /* SLIntegrationTestsAppDelegate.m */,
				F0AC80BB16BB50FF00C5D5C0 /* SLTestsViewController.h */,
				F0AC80BC16BB50FF00C5D5C0 /* SLTestsViewController.m */,
				F0AC80C616BC367E00C5D5C0 /* SLTestViewController.h */,
				F0AC80C716BC367E00C5D5C0 /* SLTestViewController.m */,
				F0AC80E416BCF91800C5D5C0 /* SLTestCaseViewController.h */,
				F0AC80E516BCF91800C5D5C0 /* SLTestCaseViewController.m */,
				F0AC80BF16BB559F00C5D5C0 /* SLIntegrationTest.h */,
				F0AC80C016BB559F00C5D5C0 /* SLIntegrationTest.m */,
				F0AC80BE16BB542400C5D5C0 /* Tests */,
			);
			path = "Integration Tests";
			sourceTree = "<group>";
		};
		F0AC809A16BB299500C5D5C0 /* Supporting Files */ = {
			isa = PBXGroup;
			children = (
				F0AC809B16BB299500C5D5C0 /* Integration Tests-Info.plist */,
				F0AC809C16BB299500C5D5C0 /* InfoPlist.strings */,
				F0AC809F16BB299500C5D5C0 /* main.m */,
				F0AC80A116BB299500C5D5C0 /* Integration Tests-Prefix.pch */,
				F0AC80A516BB299500C5D5C0 /* Default.png */,
				F0AC80A716BB299500C5D5C0 /* Default@2x.png */,
				F0AC80A916BB299500C5D5C0 /* Default-568h@2x.png */,
			);
			name = "Supporting Files";
			sourceTree = "<group>";
		};
		F0AC80BE16BB542400C5D5C0 /* Tests */ = {
			isa = PBXGroup;
			children = (
				F0CE9FFE16D60E61008A3B4A /* SLDevice Tests */,
				F05263C316D2C2CF0090174F /* SLElement Matching Tests */,
				F013798E16D0843B009BAF22 /* SLTerminal Tests */,
			);
			path = Tests;
			sourceTree = "<group>";
		};
		F0CE9FFE16D60E61008A3B4A /* SLDevice Tests */ = {
			isa = PBXGroup;
			children = (
				F0CE9FFF16D60EAD008A3B4A /* SLDeviceTest.m */,
				F0CEA00016D60EAD008A3B4A /* SLDeviceTestViewController.m */,
				F0CEA00116D60EAD008A3B4A /* SLDeviceTestViewController.xib */,
			);
			name = "SLDevice Tests";
			sourceTree = "<group>";
		};
		F0D240571683F7130031B67C /* Subliminal Unit Tests */ = {
			isa = PBXGroup;
			children = (
				F08B86CA16859B1A00C4FE44 /* OCMock */,
				F0D240581683F7130031B67C /* Supporting Files */,
				F002BF451698ED8100819291 /* Utilities */,
				F0D240661683F8520031B67C /* SLTestControllerTests.m */,
				F08B87F41685A07B00C4FE44 /* SLTestTests.m */,
				F0A040121698ECDE009D8157 /* SLTestController+AppContextTests.m */,
			);
			path = "Subliminal Unit Tests";
			sourceTree = "<group>";
		};
		F0D240581683F7130031B67C /* Supporting Files */ = {
			isa = PBXGroup;
			children = (
				F0D240591683F7130031B67C /* Subliminal Unit Tests-Info.plist */,
				F0D2405A1683F7130031B67C /* InfoPlist.strings */,
				F0D240601683F7130031B67C /* Subliminal Unit Tests-Prefix.pch */,
			);
			name = "Supporting Files";
			sourceTree = "<group>";
		};
/* End PBXGroup section */

/* Begin PBXHeadersBuildPhase section */
		F0695E1A16014463000B05D0 /* Headers */ = {
			isa = PBXHeadersBuildPhase;
			buildActionMask = 2147483647;
			files = (
				F0695E1C16014491000B05D0 /* Subliminal.h in Headers */,
				F0695E1D16014491000B05D0 /* SLTestController.h in Headers */,
				F0695E1E16014491000B05D0 /* SLTest.h in Headers */,
				F0695E1F16014491000B05D0 /* SLTerminal.h in Headers */,
				F0695E2016014491000B05D0 /* SLElement.h in Headers */,
				F0695E2116014491000B05D0 /* SLLogger.h in Headers */,
				F0695E2216014491000B05D0 /* SLUIALogger.h in Headers */,
				F0271AFF162E0B950098F5F2 /* SLTestController+AppContext.h in Headers */,
				CAC388051641CD7500F995F9 /* NSString+SLJavaScript.h in Headers */,
				CAC3883F1643503C00F995F9 /* SLAccessibility.h in Headers */,
				CA75E78216697A1200D57E92 /* SLDevice.h in Headers */,
				0F21788816AE08F700C46068 /* SLMultiLogger.h in Headers */,
				F0CEDA3116BF5FA5005FE8B9 /* SLTest+Internal.h in Headers */,
				F016493D16D42E3C000AEB50 /* SLTestController+Internal.h in Headers */,
			);
			runOnlyForDeploymentPostprocessing = 0;
		};
/* End PBXHeadersBuildPhase section */

/* Begin PBXNativeTarget section */
		F0695D8A16011515000B05D0 /* Subliminal */ = {
			isa = PBXNativeTarget;
			buildConfigurationList = F0695D9916011515000B05D0 /* Build configuration list for PBXNativeTarget "Subliminal" */;
			buildPhases = (
				F0695D8716011515000B05D0 /* Sources */,
				F0695D8816011515000B05D0 /* Frameworks */,
				F0695E1A16014463000B05D0 /* Headers */,
			);
			buildRules = (
			);
			dependencies = (
			);
			name = Subliminal;
			productName = Subliminal;
			productReference = F0695D8B16011515000B05D0 /* libSubliminal.a */;
			productType = "com.apple.product-type.library.static";
		};
		F0AC809316BB299500C5D5C0 /* Integration Tests */ = {
			isa = PBXNativeTarget;
			buildConfigurationList = F0AC80B016BB299500C5D5C0 /* Build configuration list for PBXNativeTarget "Integration Tests" */;
			buildPhases = (
				F0AC809016BB299500C5D5C0 /* Sources */,
				F0AC809116BB299500C5D5C0 /* Frameworks */,
				F0AC809216BB299500C5D5C0 /* Resources */,
			);
			buildRules = (
			);
			dependencies = (
				F0CE9FF916D60E22008A3B4A /* PBXTargetDependency */,
				F0AC80B216BB29AB00C5D5C0 /* PBXTargetDependency */,
			);
			name = "Integration Tests";
			productName = "Integration Tests";
			productReference = F0AC809416BB299500C5D5C0 /* Integration Tests.app */;
			productType = "com.apple.product-type.application";
		};
		F0D240511683F7130031B67C /* Subliminal Unit Tests */ = {
			isa = PBXNativeTarget;
			buildConfigurationList = F0D240631683F7130031B67C /* Build configuration list for PBXNativeTarget "Subliminal Unit Tests" */;
			buildPhases = (
				F0D2404D1683F7130031B67C /* Sources */,
				F0D2404E1683F7130031B67C /* Frameworks */,
				F0D2404F1683F7130031B67C /* Resources */,
				F0D240501683F7130031B67C /* ShellScript */,
			);
			buildRules = (
			);
			dependencies = (
				F0D240691683F97A0031B67C /* PBXTargetDependency */,
				F08B86DF16859C5500C4FE44 /* PBXTargetDependency */,
			);
			name = "Subliminal Unit Tests";
			productName = "Subliminal Unit Tests";
			productReference = F0D240521683F7130031B67C /* Subliminal Unit Tests.octest */;
			productType = "com.apple.product-type.bundle";
		};
/* End PBXNativeTarget section */

/* Begin PBXProject section */
		F0695D8216011515000B05D0 /* Project object */ = {
			isa = PBXProject;
			attributes = {
				LastUpgradeCheck = 0460;
				ORGANIZATIONNAME = Inkling;
			};
			buildConfigurationList = F0695D8516011515000B05D0 /* Build configuration list for PBXProject "Subliminal" */;
			compatibilityVersion = "Xcode 3.2";
			developmentRegion = English;
			hasScannedForEncodings = 0;
			knownRegions = (
				en,
			);
			mainGroup = F0695D8016011515000B05D0;
			productRefGroup = F0695D8C16011515000B05D0 /* Products */;
			projectDirPath = "";
			projectReferences = (
				{
					ProductGroup = F08B86CD16859C4000C4FE44 /* Products */;
					ProjectRef = F08B86CC16859C4000C4FE44 /* OCMock.xcodeproj */;
				},
			);
			projectRoot = "";
			targets = (
				F0695D8A16011515000B05D0 /* Subliminal */,
				F0D240511683F7130031B67C /* Subliminal Unit Tests */,
				F0AC809316BB299500C5D5C0 /* Integration Tests */,
			);
		};
/* End PBXProject section */

/* Begin PBXReferenceProxy section */
		F08B86D716859C4000C4FE44 /* OCMock.framework */ = {
			isa = PBXReferenceProxy;
			fileType = wrapper.framework;
			path = OCMock.framework;
			remoteRef = F08B86D616859C4000C4FE44 /* PBXContainerItemProxy */;
			sourceTree = BUILT_PRODUCTS_DIR;
		};
		F08B86D916859C4000C4FE44 /* OCMockTests.octest */ = {
			isa = PBXReferenceProxy;
			fileType = wrapper.cfbundle;
			path = OCMockTests.octest;
			remoteRef = F08B86D816859C4000C4FE44 /* PBXContainerItemProxy */;
			sourceTree = BUILT_PRODUCTS_DIR;
		};
		F08B86DB16859C4000C4FE44 /* libOCMock.a */ = {
			isa = PBXReferenceProxy;
			fileType = archive.ar;
			path = libOCMock.a;
			remoteRef = F08B86DA16859C4000C4FE44 /* PBXContainerItemProxy */;
			sourceTree = BUILT_PRODUCTS_DIR;
		};
		F08B86DD16859C4000C4FE44 /* OCMockTestsTouch.octest */ = {
			isa = PBXReferenceProxy;
			fileType = wrapper.cfbundle;
			path = OCMockTestsTouch.octest;
			remoteRef = F08B86DC16859C4000C4FE44 /* PBXContainerItemProxy */;
			sourceTree = BUILT_PRODUCTS_DIR;
		};
/* End PBXReferenceProxy section */

/* Begin PBXResourcesBuildPhase section */
		F0AC809216BB299500C5D5C0 /* Resources */ = {
			isa = PBXResourcesBuildPhase;
			buildActionMask = 2147483647;
			files = (
				F0AC809E16BB299500C5D5C0 /* InfoPlist.strings in Resources */,
				F0AC80A616BB299500C5D5C0 /* Default.png in Resources */,
				F0AC80A816BB299500C5D5C0 /* Default@2x.png in Resources */,
				F0AC80AA16BB299500C5D5C0 /* Default-568h@2x.png in Resources */,
				F01B2B6F16D2C55900DBA391 /* SLElementMatchingTestViewController.xib in Resources */,
				F0CEA00416D60EAD008A3B4A /* SLDeviceTestViewController.xib in Resources */,
				068D3E4D16DE9008004E7E28 /* SLTableViewChildElementMatchingTestViewController.xib in Resources */,
			);
			runOnlyForDeploymentPostprocessing = 0;
		};
		F0D2404F1683F7130031B67C /* Resources */ = {
			isa = PBXResourcesBuildPhase;
			buildActionMask = 2147483647;
			files = (
				F0D2405C1683F7130031B67C /* InfoPlist.strings in Resources */,
			);
			runOnlyForDeploymentPostprocessing = 0;
		};
/* End PBXResourcesBuildPhase section */

/* Begin PBXShellScriptBuildPhase section */
		F0D240501683F7130031B67C /* ShellScript */ = {
			isa = PBXShellScriptBuildPhase;
			buildActionMask = 2147483647;
			files = (
			);
			inputPaths = (
			);
			outputPaths = (
			);
			runOnlyForDeploymentPostprocessing = 0;
			shellPath = /bin/sh;
			shellScript = "# Run the unit tests in this test bundle.\n\"${SYSTEM_DEVELOPER_DIR}/Tools/RunUnitTests\"\n";
		};
/* End PBXShellScriptBuildPhase section */

/* Begin PBXSourcesBuildPhase section */
		F0695D8716011515000B05D0 /* Sources */ = {
			isa = PBXSourcesBuildPhase;
			buildActionMask = 2147483647;
			files = (
				F0695DE4160138DF000B05D0 /* SLElement.m in Sources */,
				F0695DE5160138DF000B05D0 /* SLLogger.m in Sources */,
				F0695DE6160138DF000B05D0 /* SLUIALogger.m in Sources */,
				F0695DE7160138DF000B05D0 /* SLTerminal.m in Sources */,
				F0695DE8160138DF000B05D0 /* SLTest.m in Sources */,
				F0695DE9160138DF000B05D0 /* SLTestController.m in Sources */,
				F0271B00162E0B950098F5F2 /* SLTestController+AppContext.m in Sources */,
				CAC388061641CD7500F995F9 /* NSString+SLJavaScript.m in Sources */,
				CAC388401643503C00F995F9 /* SLAccessibility.m in Sources */,
				CA75E78516697C0000D57E92 /* SLDevice.m in Sources */,
				0F21788916AE08F700C46068 /* SLMultiLogger.m in Sources */,
			);
			runOnlyForDeploymentPostprocessing = 0;
		};
		F0AC809016BB299500C5D5C0 /* Sources */ = {
			isa = PBXSourcesBuildPhase;
			buildActionMask = 2147483647;
			files = (
				F0AC80A016BB299500C5D5C0 /* main.m in Sources */,
				F0AC80A416BB299500C5D5C0 /* SLIntegrationTestsAppDelegate.m in Sources */,
				F0AC80BD16BB50FF00C5D5C0 /* SLTestsViewController.m in Sources */,
				F0AC80C416BC355D00C5D5C0 /* SLTerminalTest.m in Sources */,
				F0AC80C116BB559F00C5D5C0 /* SLIntegrationTest.m in Sources */,
				F0AC80C816BC367E00C5D5C0 /* SLTestViewController.m in Sources */,
				F0AC80E616BCF91800C5D5C0 /* SLTestCaseViewController.m in Sources */,
				F01B2B6D16D2C55900DBA391 /* SLElementMatchingTest.m in Sources */,
				F01B2B6E16D2C55900DBA391 /* SLElementMatchingTestViewController.m in Sources */,
				F0CEA00216D60EAD008A3B4A /* SLDeviceTest.m in Sources */,
				F0CEA00316D60EAD008A3B4A /* SLDeviceTestViewController.m in Sources */,
			);
			runOnlyForDeploymentPostprocessing = 0;
		};
		F0D2404D1683F7130031B67C /* Sources */ = {
			isa = PBXSourcesBuildPhase;
			buildActionMask = 2147483647;
			files = (
				F0D240671683F8520031B67C /* SLTestControllerTests.m in Sources */,
				F08B87F21685A00400C4FE44 /* SharedSLTests.m in Sources */,
				F08B87F51685A07B00C4FE44 /* SLTestTests.m in Sources */,
				F024BE33168BD70900708350 /* TestUtilities.m in Sources */,
				F0A040131698ECDE009D8157 /* SLTestController+AppContextTests.m in Sources */,
			);
			runOnlyForDeploymentPostprocessing = 0;
		};
/* End PBXSourcesBuildPhase section */

/* Begin PBXTargetDependency section */
		F08B86DF16859C5500C4FE44 /* PBXTargetDependency */ = {
			isa = PBXTargetDependency;
			name = OCMockLib;
			targetProxy = F08B86DE16859C5500C4FE44 /* PBXContainerItemProxy */;
		};
		F0AC80B216BB29AB00C5D5C0 /* PBXTargetDependency */ = {
			isa = PBXTargetDependency;
			target = F0695D8A16011515000B05D0 /* Subliminal */;
			targetProxy = F0AC80B116BB29AB00C5D5C0 /* PBXContainerItemProxy */;
		};
		F0CE9FF916D60E22008A3B4A /* PBXTargetDependency */ = {
			isa = PBXTargetDependency;
			name = OCMockLib;
			targetProxy = F0CE9FF816D60E22008A3B4A /* PBXContainerItemProxy */;
		};
		F0D240691683F97A0031B67C /* PBXTargetDependency */ = {
			isa = PBXTargetDependency;
			target = F0695D8A16011515000B05D0 /* Subliminal */;
			targetProxy = F0D240681683F97A0031B67C /* PBXContainerItemProxy */;
		};
/* End PBXTargetDependency section */

/* Begin PBXVariantGroup section */
		F0AC809C16BB299500C5D5C0 /* InfoPlist.strings */ = {
			isa = PBXVariantGroup;
			children = (
				F0AC809D16BB299500C5D5C0 /* en */,
			);
			name = InfoPlist.strings;
			sourceTree = "<group>";
		};
		F0D2405A1683F7130031B67C /* InfoPlist.strings */ = {
			isa = PBXVariantGroup;
			children = (
				F0D2405B1683F7130031B67C /* en */,
			);
			name = InfoPlist.strings;
			sourceTree = "<group>";
		};
/* End PBXVariantGroup section */

/* Begin XCBuildConfiguration section */
		F0695D9716011515000B05D0 /* Debug */ = {
			isa = XCBuildConfiguration;
			buildSettings = {
				ALWAYS_SEARCH_USER_PATHS = NO;
				ARCHS = "$(ARCHS_STANDARD_32_BIT)";
				CLANG_CXX_LANGUAGE_STANDARD = "gnu++0x";
				CLANG_ENABLE_OBJC_ARC = YES;
				CLANG_WARN_CONSTANT_CONVERSION = YES;
				CLANG_WARN_ENUM_CONVERSION = YES;
				CLANG_WARN_INT_CONVERSION = YES;
				CLANG_WARN__DUPLICATE_METHOD_MATCH = YES;
				COPY_PHASE_STRIP = NO;
				GCC_C_LANGUAGE_STANDARD = gnu99;
				GCC_DYNAMIC_NO_PIC = NO;
				GCC_OPTIMIZATION_LEVEL = 0;
				GCC_PREPROCESSOR_DEFINITIONS = (
					"DEBUG=1",
					"$(inherited)",
				);
				GCC_SYMBOLS_PRIVATE_EXTERN = NO;
				GCC_VERSION = com.apple.compilers.llvm.clang.1_0;
				GCC_WARN_ABOUT_RETURN_TYPE = YES;
				GCC_WARN_UNINITIALIZED_AUTOS = YES;
				GCC_WARN_UNUSED_VARIABLE = YES;
				IPHONEOS_DEPLOYMENT_TARGET = 5.1;
				SDKROOT = iphoneos;
			};
			name = Debug;
		};
		F0695D9816011515000B05D0 /* Release */ = {
			isa = XCBuildConfiguration;
			buildSettings = {
				ALWAYS_SEARCH_USER_PATHS = NO;
				ARCHS = "$(ARCHS_STANDARD_32_BIT)";
				CLANG_CXX_LANGUAGE_STANDARD = "gnu++0x";
				CLANG_ENABLE_OBJC_ARC = YES;
				CLANG_WARN_CONSTANT_CONVERSION = YES;
				CLANG_WARN_ENUM_CONVERSION = YES;
				CLANG_WARN_INT_CONVERSION = YES;
				CLANG_WARN__DUPLICATE_METHOD_MATCH = YES;
				COPY_PHASE_STRIP = YES;
				GCC_C_LANGUAGE_STANDARD = gnu99;
				GCC_VERSION = com.apple.compilers.llvm.clang.1_0;
				GCC_WARN_ABOUT_RETURN_TYPE = YES;
				GCC_WARN_UNINITIALIZED_AUTOS = YES;
				GCC_WARN_UNUSED_VARIABLE = YES;
				IPHONEOS_DEPLOYMENT_TARGET = 5.1;
				SDKROOT = iphoneos;
				VALIDATE_PRODUCT = YES;
			};
			name = Release;
		};
		F0695D9A16011515000B05D0 /* Debug */ = {
			isa = XCBuildConfiguration;
			buildSettings = {
				DSTROOT = /tmp/Subliminal.dst;
				GCC_PRECOMPILE_PREFIX_HEADER = YES;
				GCC_PREFIX_HEADER = "Sources/Subliminal-Prefix.pch";
				GCC_TREAT_WARNINGS_AS_ERRORS = YES;
				OTHER_LDFLAGS = "-ObjC";
				PRODUCT_NAME = "$(TARGET_NAME)";
				PUBLIC_HEADERS_FOLDER_PATH = usr/local/include/Subliminal;
				SKIP_INSTALL = YES;
			};
			name = Debug;
		};
		F0695D9B16011515000B05D0 /* Release */ = {
			isa = XCBuildConfiguration;
			buildSettings = {
				DSTROOT = /tmp/Subliminal.dst;
				GCC_PRECOMPILE_PREFIX_HEADER = YES;
				GCC_PREFIX_HEADER = "Sources/Subliminal-Prefix.pch";
				GCC_TREAT_WARNINGS_AS_ERRORS = YES;
				OTHER_LDFLAGS = "-ObjC";
				PRODUCT_NAME = "$(TARGET_NAME)";
				PUBLIC_HEADERS_FOLDER_PATH = usr/local/include/Subliminal;
				SKIP_INSTALL = YES;
			};
			name = Release;
		};
		F0AC80AB16BB299500C5D5C0 /* Debug */ = {
			isa = XCBuildConfiguration;
			buildSettings = {
				CLANG_CXX_LIBRARY = "libc++";
				CLANG_WARN_CONSTANT_CONVERSION = YES;
				CLANG_WARN_EMPTY_BODY = YES;
				CLANG_WARN_ENUM_CONVERSION = YES;
				CLANG_WARN_INT_CONVERSION = YES;
				"CODE_SIGN_IDENTITY[sdk=iphoneos*]" = "iPhone Developer";
				GCC_PRECOMPILE_PREFIX_HEADER = YES;
				GCC_PREFIX_HEADER = "Integration Tests/Integration Tests-Prefix.pch";
				HEADER_SEARCH_PATHS = (
					"\"$(BUILT_PRODUCTS_DIR)\"",
					"$(inherited)",
				);
				INFOPLIST_FILE = "Integration Tests/Integration Tests-Info.plist";
				IPHONEOS_DEPLOYMENT_TARGET = 6.1;
				ONLY_ACTIVE_ARCH = YES;
				OTHER_LDFLAGS = "-ObjC";
				PRODUCT_NAME = "$(TARGET_NAME)";
				WRAPPER_EXTENSION = app;
			};
			name = Debug;
		};
		F0AC80AC16BB299500C5D5C0 /* Release */ = {
			isa = XCBuildConfiguration;
			buildSettings = {
				CLANG_CXX_LIBRARY = "libc++";
				CLANG_WARN_CONSTANT_CONVERSION = YES;
				CLANG_WARN_EMPTY_BODY = YES;
				CLANG_WARN_ENUM_CONVERSION = YES;
				CLANG_WARN_INT_CONVERSION = YES;
				"CODE_SIGN_IDENTITY[sdk=iphoneos*]" = "iPhone Developer";
				GCC_PRECOMPILE_PREFIX_HEADER = YES;
				GCC_PREFIX_HEADER = "Integration Tests/Integration Tests-Prefix.pch";
				HEADER_SEARCH_PATHS = (
					"\"$(BUILT_PRODUCTS_DIR)\"",
					"$(inherited)",
				);
				INFOPLIST_FILE = "Integration Tests/Integration Tests-Info.plist";
				IPHONEOS_DEPLOYMENT_TARGET = 6.1;
				OTHER_CFLAGS = "-DNS_BLOCK_ASSERTIONS=1";
				OTHER_LDFLAGS = "-ObjC";
				PRODUCT_NAME = "$(TARGET_NAME)";
				WRAPPER_EXTENSION = app;
			};
			name = Release;
		};
		F0D240611683F7130031B67C /* Debug */ = {
			isa = XCBuildConfiguration;
			buildSettings = {
				CLANG_CXX_LIBRARY = "libc++";
				CLANG_WARN_EMPTY_BODY = YES;
				FRAMEWORK_SEARCH_PATHS = (
					"\"$(SDKROOT)/Developer/Library/Frameworks\"",
					"\"$(DEVELOPER_LIBRARY_DIR)/Frameworks\"",
				);
				GCC_PRECOMPILE_PREFIX_HEADER = YES;
				GCC_PREFIX_HEADER = "Subliminal Unit Tests/Subliminal Unit Tests-Prefix.pch";
				HEADER_SEARCH_PATHS = (
					"$(inherited)",
					"\"$(BUILT_PRODUCTS_DIR)\"",
				);
				INFOPLIST_FILE = "Subliminal Unit Tests/Subliminal Unit Tests-Info.plist";
				IPHONEOS_DEPLOYMENT_TARGET = 6.0;
				ONLY_ACTIVE_ARCH = YES;
				OTHER_LDFLAGS = "-ObjC";
				PRODUCT_NAME = "$(TARGET_NAME)";
				WRAPPER_EXTENSION = octest;
			};
			name = Debug;
		};
		F0D240621683F7130031B67C /* Release */ = {
			isa = XCBuildConfiguration;
			buildSettings = {
				CLANG_CXX_LIBRARY = "libc++";
				CLANG_WARN_EMPTY_BODY = YES;
				FRAMEWORK_SEARCH_PATHS = (
					"\"$(SDKROOT)/Developer/Library/Frameworks\"",
					"\"$(DEVELOPER_LIBRARY_DIR)/Frameworks\"",
				);
				GCC_PRECOMPILE_PREFIX_HEADER = YES;
				GCC_PREFIX_HEADER = "Subliminal Unit Tests/Subliminal Unit Tests-Prefix.pch";
				HEADER_SEARCH_PATHS = (
					"$(inherited)",
					"\"$(BUILT_PRODUCTS_DIR)\"",
				);
				INFOPLIST_FILE = "Subliminal Unit Tests/Subliminal Unit Tests-Info.plist";
				IPHONEOS_DEPLOYMENT_TARGET = 6.0;
				OTHER_LDFLAGS = "-ObjC";
				PRODUCT_NAME = "$(TARGET_NAME)";
				WRAPPER_EXTENSION = octest;
			};
			name = Release;
		};
/* End XCBuildConfiguration section */

/* Begin XCConfigurationList section */
		F0695D8516011515000B05D0 /* Build configuration list for PBXProject "Subliminal" */ = {
			isa = XCConfigurationList;
			buildConfigurations = (
				F0695D9716011515000B05D0 /* Debug */,
				F0695D9816011515000B05D0 /* Release */,
			);
			defaultConfigurationIsVisible = 0;
			defaultConfigurationName = Release;
		};
		F0695D9916011515000B05D0 /* Build configuration list for PBXNativeTarget "Subliminal" */ = {
			isa = XCConfigurationList;
			buildConfigurations = (
				F0695D9A16011515000B05D0 /* Debug */,
				F0695D9B16011515000B05D0 /* Release */,
			);
			defaultConfigurationIsVisible = 0;
			defaultConfigurationName = Release;
		};
		F0AC80B016BB299500C5D5C0 /* Build configuration list for PBXNativeTarget "Integration Tests" */ = {
			isa = XCConfigurationList;
			buildConfigurations = (
				F0AC80AB16BB299500C5D5C0 /* Debug */,
				F0AC80AC16BB299500C5D5C0 /* Release */,
			);
			defaultConfigurationIsVisible = 0;
			defaultConfigurationName = Release;
		};
		F0D240631683F7130031B67C /* Build configuration list for PBXNativeTarget "Subliminal Unit Tests" */ = {
			isa = XCConfigurationList;
			buildConfigurations = (
				F0D240611683F7130031B67C /* Debug */,
				F0D240621683F7130031B67C /* Release */,
			);
			defaultConfigurationIsVisible = 0;
			defaultConfigurationName = Release;
		};
/* End XCConfigurationList section */
	};
	rootObject = F0695D8216011515000B05D0 /* Project object */;
}
